
Microsoft Visual Studio Solution File, Format Version 12.00
# Visual Studio 2012
Project("{FAE04EC0-301F-11D3-BF4B-00C04F79EFBC}") = "Compiler", "Compiler\Compiler.csproj", "{9E293D46-2A3D-4FC5-B70D-F3BCDCB61307}"
EndProject
Project("{FAE04EC0-301F-11D3-BF4B-00C04F79EFBC}") = "CompilerTests", "CompilerTests\CompilerTests.csproj", "{2E5B0A6B-79D4-4D1D-BA31-028E3D93FB59}"
EndProject
Global
	GlobalSection(SolutionConfigurationPlatforms) = preSolution
		Debug|x86 = Debug|x86
		Release|x86 = Release|x86
	EndGlobalSection
	GlobalSection(ProjectConfigurationPlatforms) = postSolution
		{2E5B0A6B-79D4-4D1D-BA31-028E3D93FB59}.Debug|x86.ActiveCfg = Debug|Any CPU
		{2E5B0A6B-79D4-4D1D-BA31-028E3D93FB59}.Debug|x86.Build.0 = Debug|Any CPU
		{2E5B0A6B-79D4-4D1D-BA31-028E3D93FB59}.Release|x86.ActiveCfg = Release|Any CPU
		{2E5B0A6B-79D4-4D1D-BA31-028E3D93FB59}.Release|x86.Build.0 = Release|Any CPU
		{9E293D46-2A3D-4FC5-B70D-F3BCDCB61307}.Debug|x86.ActiveCfg = Debug|x86
		{9E293D46-2A3D-4FC5-B70D-F3BCDCB61307}.Debug|x86.Build.0 = Debug|x86
		{9E293D46-2A3D-4FC5-B70D-F3BCDCB61307}.Release|x86.ActiveCfg = Release|x86
		{9E293D46-2A3D-4FC5-B70D-F3BCDCB61307}.Release|x86.Build.0 = Release|x86
	EndGlobalSection
EndGlobal
