
Microsoft Visual Studio Solution File, Format Version 11.00
# Visual Studio 2010
Project("{FAE04EC0-301F-11D3-BF4B-00C04F79EFBC}") = "Compiler", "Compiler.csproj", "{9E293D46-2A3D-4FC5-B70D-F3BCDCB61307}"
EndProject
Global
	GlobalSection(SolutionConfigurationPlatforms) = preSolution
		Debug|x86 = Debug|x86
		Release|x86 = Release|x86
	EndGlobalSection
	GlobalSection(ProjectConfigurationPlatforms) = postSolution
		{9E293D46-2A3D-4FC5-B70D-F3BCDCB61307}.Debug|x86.ActiveCfg = Debug|x86
		{9E293D46-2A3D-4FC5-B70D-F3BCDCB61307}.Debug|x86.Build.0 = Debug|x86
		{9E293D46-2A3D-4FC5-B70D-F3BCDCB61307}.Release|x86.ActiveCfg = Release|x86
		{9E293D46-2A3D-4FC5-B70D-F3BCDCB61307}.Release|x86.Build.0 = Release|x86
	EndGlobalSection
	GlobalSection(MonoDevelopProperties) = preSolution
		StartupItem = Compiler.csproj
	EndGlobalSection
EndGlobal
